
Microsoft Visual Studio Solution File, Format Version 12.00
# Visual Studio Version 16
VisualStudioVersion = 16.0.29306.81
MinimumVisualStudioVersion = 10.0.40219.1
Project("{8BC9CEB8-8B4A-11D0-8D11-00A0C91BC942}") = "Project42", "Project42\Project42.vcxproj", "{DDE25BF7-096B-40ED-A918-6204787AF1E7}"
EndProject
Global
	GlobalSection(SolutionConfigurationPlatforms) = preSolution
		Debug|x64 = Debug|x64
		Debug|x86 = Debug|x86
		Release|x64 = Release|x64
		Release|x86 = Release|x86
	EndGlobalSection
	GlobalSection(ProjectConfigurationPlatforms) = postSolution
		{DDE25BF7-096B-40ED-A918-6204787AF1E7}.Debug|x64.ActiveCfg = Debug|x64
		{DDE25BF7-096B-40ED-A918-6204787AF1E7}.Debug|x64.Build.0 = Debug|x64
		{DDE25BF7-096B-40ED-A918-6204787AF1E7}.Debug|x86.ActiveCfg = Debug|Win32
		{DDE25BF7-096B-40ED-A918-6204787AF1E7}.Debug|x86.Build.0 = Debug|Win32
		{DDE25BF7-096B-40ED-A918-6204787AF1E7}.Release|x64.ActiveCfg = Release|x64
		{DDE25BF7-096B-40ED-A918-6204787AF1E7}.Release|x64.Build.0 = Release|x64
		{DDE25BF7-096B-40ED-A918-6204787AF1E7}.Release|x86.ActiveCfg = Release|Win32
		{DDE25BF7-096B-40ED-A918-6204787AF1E7}.Release|x86.Build.0 = Release|Win32
	EndGlobalSection
	GlobalSection(SolutionProperties) = preSolution
		HideSolutionNode = FALSE
	EndGlobalSection
	GlobalSection(ExtensibilityGlobals) = postSolution
		SolutionGuid = {D0F0DF9C-DA13-45B1-9420-038CA13B9A82}
	EndGlobalSection
EndGlobal
